
Microsoft Visual Studio Solution File, Format Version 12.00
# Visual Studio Version 17
VisualStudioVersion = 17.0.31912.275
MinimumVisualStudioVersion = 10.0.40219.1
Project("{FAE04EC0-301F-11D3-BF4B-00C04F79EFBC}") = "lucaspatricio.com", "lucaspatricio.com\lucaspatricio.com.csproj", "{83D4D089-715B-4933-9594-8F889840F967}"
EndProject
Global
	GlobalSection(SolutionConfigurationPlatforms) = preSolution
		Debug|Any CPU = Debug|Any CPU
		Release|Any CPU = Release|Any CPU
	EndGlobalSection
	GlobalSection(ProjectConfigurationPlatforms) = postSolution
		{83D4D089-715B-4933-9594-8F889840F967}.Debug|Any CPU.ActiveCfg = Debug|Any CPU
		{83D4D089-715B-4933-9594-8F889840F967}.Debug|Any CPU.Build.0 = Debug|Any CPU
		{83D4D089-715B-4933-9594-8F889840F967}.Release|Any CPU.ActiveCfg = Release|Any CPU
		{83D4D089-715B-4933-9594-8F889840F967}.Release|Any CPU.Build.0 = Release|Any CPU
	EndGlobalSection
	GlobalSection(SolutionProperties) = preSolution
		HideSolutionNode = FALSE
	EndGlobalSection
	GlobalSection(ExtensibilityGlobals) = postSolution
		SolutionGuid = {A1AFD0C3-C132-425A-9B5B-4267C449EE6B}
	EndGlobalSection
EndGlobal
